
Microsoft Visual Studio Solution File, Format Version 12.00
# Visual Studio Version 17
VisualStudioVersion = 17.2.32616.157
MinimumVisualStudioVersion = 10.0.40219.1
Project("{FAE04EC0-301F-11D3-BF4B-00C04F79EFBC}") = "Task5.1", "Task5.1\Task5.1.csproj", "{0DC07F21-35DE-4040-A7A5-99DC75CBF910}"
EndProject
Global
	GlobalSection(SolutionConfigurationPlatforms) = preSolution
		Debug|Any CPU = Debug|Any CPU
		Release|Any CPU = Release|Any CPU
	EndGlobalSection
	GlobalSection(ProjectConfigurationPlatforms) = postSolution
		{0DC07F21-35DE-4040-A7A5-99DC75CBF910}.Debug|Any CPU.ActiveCfg = Debug|Any CPU
		{0DC07F21-35DE-4040-A7A5-99DC75CBF910}.Debug|Any CPU.Build.0 = Debug|Any CPU
		{0DC07F21-35DE-4040-A7A5-99DC75CBF910}.Release|Any CPU.ActiveCfg = Release|Any CPU
		{0DC07F21-35DE-4040-A7A5-99DC75CBF910}.Release|Any CPU.Build.0 = Release|Any CPU
	EndGlobalSection
	GlobalSection(SolutionProperties) = preSolution
		HideSolutionNode = FALSE
	EndGlobalSection
	GlobalSection(ExtensibilityGlobals) = postSolution
		SolutionGuid = {FB670500-EFBE-4844-9CCD-BF4DB3DD5DDD}
	EndGlobalSection
EndGlobal
